// !$*UTF8*$!
{
	archiveVersion = 1;
	classes = {
	};
	objectVersion = 77;
	objects = {

/* Begin PBXBuildFile section */
		A021D33E2F2E679C00AF94A1 /* 2.swift in Sources */ = {isa = PBXBuildFile; fileRef = A021D33D2F2E679C00AF94A1 /* 2.swift */; };
		A021D3402F2E67A800AF94A1 /* 3.swift in Sources */ = {isa = PBXBuildFile; fileRef = A021D33F2F2E67A800AF94A1 /* 3.swift */; };
		A021D3422F2E67B500AF94A1 /* 4.swift in Sources */ = {isa = PBXBuildFile; fileRef = A021D3412F2E67B500AF94A1 /* 4.swift */; };
		A021D34E2F2E680300AF94A1 /* 10.swift in Sources */ = {isa = PBXBuildFile; fileRef = A021D34D2F2E680300AF94A1 /* 10.swift */; };
		A021D3522F2E682300AF94A1 /* 11.swift in Sources */ = {isa = PBXBuildFile; fileRef = A021D3512F2E682300AF94A1 /* 11.swift */; };
		A021D3542F2E683300AF94A1 /* 12.swift in Sources */ = {isa = PBXBuildFile; fileRef = A021D3532F2E683300AF94A1 /* 12.swift */; };
		A021D3582F2E685A00AF94A1 /* 13.swift in Sources */ = {isa = PBXBuildFile; fileRef = A021D3572F2E685A00AF94A1 /* 13.swift */; };
		A021D35A2F2E686800AF94A1 /* 14.swift in Sources */ = {isa = PBXBuildFile; fileRef = A021D3592F2E686800AF94A1 /* 14.swift */; };
		A021D35C2F2E687900AF94A1 /* 15.swift in Sources */ = {isa = PBXBuildFile; fileRef = A021D35B2F2E687900AF94A1 /* 15.swift */; };
		A021D3622F2E68C500AF94A1 /* 17.swift in Sources */ = {isa = PBXBuildFile; fileRef = A021D3612F2E68C500AF94A1 /* 17.swift */; };
		A021D3642F2E68D100AF94A1 /* 18.swift in Sources */ = {isa = PBXBuildFile; fileRef = A021D3632F2E68D100AF94A1 /* 18.swift */; };
		A021D3662F2E68DD00AF94A1 /* 19.swift in Sources */ = {isa = PBXBuildFile; fileRef = A021D3652F2E68DD00AF94A1 /* 19.swift */; };
		A021D3682F2E68EE00AF94A1 /* 20.swift in Sources */ = {isa = PBXBuildFile; fileRef = A021D3672F2E68EE00AF94A1 /* 20.swift */; };
		A021D36A2F2E68FB00AF94A1 /* 21.swift in Sources */ = {isa = PBXBuildFile; fileRef = A021D3692F2E68FB00AF94A1 /* 21.swift */; };
		A021D36C2F2E690800AF94A1 /* 22.swift in Sources */ = {isa = PBXBuildFile; fileRef = A021D36B2F2E690800AF94A1 /* 22.swift */; };
		A021D36E2F2E691400AF94A1 /* 23.swift in Sources */ = {isa = PBXBuildFile; fileRef = A021D36D2F2E691400AF94A1 /* 23.swift */; };
		A021D3702F2E692100AF94A1 /* 24.swift in Sources */ = {isa = PBXBuildFile; fileRef = A021D36F2F2E692100AF94A1 /* 24.swift */; };
		A021D3742F2E694500AF94A1 /* 25.swift in Sources */ = {isa = PBXBuildFile; fileRef = A021D3732F2E694500AF94A1 /* 25.swift */; };
		A0572AC22F2E541800B00C0F /* AppRootView.swift in Sources */ = {isa = PBXBuildFile; fileRef = A0572ABC2F2E541800B00C0F /* AppRootView.swift */; };
		A0572AC32F2E541800B00C0F /* Persistence.swift in Sources */ = {isa = PBXBuildFile; fileRef = A0572ABD2F2E541800B00C0F /* Persistence.swift */; };
		A0572AC42F2E541800B00C0F /* TexturaStore.xcdatamodeld in Sources */ = {isa = PBXBuildFile; fileRef = A0572ABE2F2E541800B00C0F /* TexturaStore.xcdatamodeld */; };
		A0572AC52F2E541800B00C0F /* TexturaStoreApp.swift in Sources */ = {isa = PBXBuildFile; fileRef = A0572ABF2F2E541800B00C0F /* TexturaStoreApp.swift */; };
		A0572AC62F2E541800B00C0F /* Assets.xcassets in Resources */ = {isa = PBXBuildFile; fileRef = A0572ABB2F2E541800B00C0F /* Assets.xcassets */; };
		A0572AC92F2E541D00B00C0F /* TexturaStoreTests.swift in Sources */ = {isa = PBXBuildFile; fileRef = A0572AC72F2E541D00B00C0F /* TexturaStoreTests.swift */; };
		A0572ACD2F2E542100B00C0F /* TexturaStoreUITests.swift in Sources */ = {isa = PBXBuildFile; fileRef = A0572ACA2F2E542100B00C0F /* TexturaStoreUITests.swift */; };
		A0572ACE2F2E542100B00C0F /* TexturaStoreUITestsLaunchTests.swift in Sources */ = {isa = PBXBuildFile; fileRef = A0572ACB2F2E542100B00C0F /* TexturaStoreUITestsLaunchTests.swift */; };
		A0D250E62F2E7B1200C6B040 /* Coordinator.swift in Sources */ = {isa = PBXBuildFile; fileRef = A0D250E52F2E7B1200C6B040 /* Coordinator.swift */; };
		A0D250E82F2E7B4000C6B040 /* CoordinatorBox.swift in Sources */ = {isa = PBXBuildFile; fileRef = A0D250E72F2E7B4000C6B040 /* CoordinatorBox.swift */; };
		A0D250EC2F2E7B8200C6B040 /* AnyCoordinatorBox.swift in Sources */ = {isa = PBXBuildFile; fileRef = A0D250EB2F2E7B8200C6B040 /* AnyCoordinatorBox.swift */; };
		A0D250EE2F2E7BCC00C6B040 /* AppNavigationContainer.swift in Sources */ = {isa = PBXBuildFile; fileRef = A0D250ED2F2E7BCC00C6B040 /* AppNavigationContainer.swift */; };
		A0D250F02F2E7BF400C6B040 /* AppRoute.swift in Sources */ = {isa = PBXBuildFile; fileRef = A0D250EF2F2E7BF400C6B040 /* AppRoute.swift */; };
		A0D250F22F2E7C0F00C6B040 /* MainTab.swift in Sources */ = {isa = PBXBuildFile; fileRef = A0D250F12F2E7C0F00C6B040 /* MainTab.swift */; };
		A0D250F42F2E7C2900C6B040 /* AppCoordinator.swift in Sources */ = {isa = PBXBuildFile; fileRef = A0D250F32F2E7C2900C6B040 /* AppCoordinator.swift */; };
		A0D250F62F2E7C6500C6B040 /* AuthCoordinator.swift in Sources */ = {isa = PBXBuildFile; fileRef = A0D250F52F2E7C6500C6B040 /* AuthCoordinator.swift */; };
		A0D250F82F2E7CA200C6B040 /* MainTabCoordinator.swift in Sources */ = {isa = PBXBuildFile; fileRef = A0D250F72F2E7CA200C6B040 /* MainTabCoordinator.swift */; };
		A0D250FD2F2E7D1F00C6B040 /* AuthRootView.swift in Sources */ = {isa = PBXBuildFile; fileRef = A0D250FC2F2E7D1F00C6B040 /* AuthRootView.swift */; };
		A0D251002F2E7D5300C6B040 /* ProfileRootView.swift in Sources */ = {isa = PBXBuildFile; fileRef = A0D250FF2F2E7D5300C6B040 /* ProfileRootView.swift */; };
		A0D2510B2F2E85CB00C6B040 /* DesignSystem.swift in Sources */ = {isa = PBXBuildFile; fileRef = A0D2510A2F2E85CB00C6B040 /* DesignSystem.swift */; };
		A0D2510D2F2E886A00C6B040 /* Color+DesignSystem.swift in Sources */ = {isa = PBXBuildFile; fileRef = A0D2510C2F2E886A00C6B040 /* Color+DesignSystem.swift */; };
		A0D2510F2F2E88A800C6B040 /* Font+DesignSystem.swift in Sources */ = {isa = PBXBuildFile; fileRef = A0D2510E2F2E88A800C6B040 /* Font+DesignSystem.swift */; };
		A0D251112F2E88D200C6B040 /* CGFloat+DesignSystem.swift in Sources */ = {isa = PBXBuildFile; fileRef = A0D251102F2E88D200C6B040 /* CGFloat+DesignSystem.swift */; };
		A0D2512A2F2F0A4C00C6B040 /* AuthCoordinating.swift in Sources */ = {isa = PBXBuildFile; fileRef = A0D251292F2F0A4C00C6B040 /* AuthCoordinating.swift */; };
		A0D2512C2F2F0A6D00C6B040 /* MainTabCoordinating.swift in Sources */ = {isa = PBXBuildFile; fileRef = A0D2512B2F2F0A6D00C6B040 /* MainTabCoordinating.swift */; };
		A0D2512E2F2F0BA100C6B040 /* AppCoordinating.swift in Sources */ = {isa = PBXBuildFile; fileRef = A0D2512D2F2F0BA100C6B040 /* AppCoordinating.swift */; };
		A0D251392F2F794400C6B040 /* Factory in Frameworks */ = {isa = PBXBuildFile; productRef = A0D251382F2F794400C6B040 /* Factory */; };
		A0D2513B2F2F794400C6B040 /* FactoryKit in Frameworks */ = {isa = PBXBuildFile; productRef = A0D2513A2F2F794400C6B040 /* FactoryKit */; };
		A0D2513E2F2F79AE00C6B040 /* Container+Coordinators.swift in Sources */ = {isa = PBXBuildFile; fileRef = A0D2513D2F2F79AE00C6B040 /* Container+Coordinators.swift */; };
		A0D251402F2F7E5B00C6B040 /* Container+Factories.swift in Sources */ = {isa = PBXBuildFile; fileRef = A0D2513F2F2F7E5B00C6B040 /* Container+Factories.swift */; };
		A0D251432F2FA37300C6B040 /* CatalogCoordinating.swift in Sources */ = {isa = PBXBuildFile; fileRef = A0D251422F2FA37300C6B040 /* CatalogCoordinating.swift */; };
		A0D251452F2FA39A00C6B040 /* FavoritesCoordinating.swift in Sources */ = {isa = PBXBuildFile; fileRef = A0D251442F2FA39A00C6B040 /* FavoritesCoordinating.swift */; };
		A0D251472F2FA3B600C6B040 /* CartCoordinating.swift in Sources */ = {isa = PBXBuildFile; fileRef = A0D251462F2FA3B600C6B040 /* CartCoordinating.swift */; };
		A0D251492F2FA3DC00C6B040 /* ProfileCoordinating.swift in Sources */ = {isa = PBXBuildFile; fileRef = A0D251482F2FA3DC00C6B040 /* ProfileCoordinating.swift */; };
		A0D2514B2F2FA40E00C6B040 /* CatalogCoordinator.swift in Sources */ = {isa = PBXBuildFile; fileRef = A0D2514A2F2FA40E00C6B040 /* CatalogCoordinator.swift */; };
		A0D2514E2F2FA45900C6B040 /* FavoritesCoordinator.swift in Sources */ = {isa = PBXBuildFile; fileRef = A0D2514D2F2FA45900C6B040 /* FavoritesCoordinator.swift */; };
		A0D251512F2FA4A600C6B040 /* CartCoordinator.swift in Sources */ = {isa = PBXBuildFile; fileRef = A0D251502F2FA4A600C6B040 /* CartCoordinator.swift */; };
		A0D251542F2FA50000C6B040 /* ProfileCoordinator.swift in Sources */ = {isa = PBXBuildFile; fileRef = A0D251532F2FA50000C6B040 /* ProfileCoordinator.swift */; };
		A0D251562F2FACD800C6B040 /* MainTabRootView.swift in Sources */ = {isa = PBXBuildFile; fileRef = A0D251552F2FACD800C6B040 /* MainTabRootView.swift */; };
		A0E3B7642F30C15D0038E3BB /* Localizable.strings in Resources */ = {isa = PBXBuildFile; fileRef = A0E3B7622F30C15D0038E3BB /* Localizable.strings */; };
		A0E3B7682F30C6E20038E3BB /* Strings+Generated.swift in Sources */ = {isa = PBXBuildFile; fileRef = A0E3B7672F30C6E20038E3BB /* Strings+Generated.swift */; };
/* End PBXBuildFile section */

/* Begin PBXContainerItemProxy section */
		A0572A9F2F2E52B400B00C0F /* PBXContainerItemProxy */ = {
			isa = PBXContainerItemProxy;
			containerPortal = A0572A842F2E52B100B00C0F /* Project object */;
			proxyType = 1;
			remoteGlobalIDString = A0572A8B2F2E52B100B00C0F;
			remoteInfo = TexturaStore;
		};
		A0572AA92F2E52B400B00C0F /* PBXContainerItemProxy */ = {
			isa = PBXContainerItemProxy;
			containerPortal = A0572A842F2E52B100B00C0F /* Project object */;
			proxyType = 1;
			remoteGlobalIDString = A0572A8B2F2E52B100B00C0F;
			remoteInfo = TexturaStore;
		};
/* End PBXContainerItemProxy section */

/* Begin PBXFileReference section */
		A021D33D2F2E679C00AF94A1 /* 2.swift */ = {isa = PBXFileReference; lastKnownFileType = sourcecode.swift; path = 2.swift; sourceTree = "<group>"; };
		A021D33F2F2E67A800AF94A1 /* 3.swift */ = {isa = PBXFileReference; lastKnownFileType = sourcecode.swift; path = 3.swift; sourceTree = "<group>"; };
		A021D3412F2E67B500AF94A1 /* 4.swift */ = {isa = PBXFileReference; lastKnownFileType = sourcecode.swift; path = 4.swift; sourceTree = "<group>"; };
		A021D34D2F2E680300AF94A1 /* 10.swift */ = {isa = PBXFileReference; lastKnownFileType = sourcecode.swift; path = 10.swift; sourceTree = "<group>"; };
		A021D3512F2E682300AF94A1 /* 11.swift */ = {isa = PBXFileReference; lastKnownFileType = sourcecode.swift; path = 11.swift; sourceTree = "<group>"; };
		A021D3532F2E683300AF94A1 /* 12.swift */ = {isa = PBXFileReference; lastKnownFileType = sourcecode.swift; path = 12.swift; sourceTree = "<group>"; };
		A021D3572F2E685A00AF94A1 /* 13.swift */ = {isa = PBXFileReference; lastKnownFileType = sourcecode.swift; path = 13.swift; sourceTree = "<group>"; };
		A021D3592F2E686800AF94A1 /* 14.swift */ = {isa = PBXFileReference; lastKnownFileType = sourcecode.swift; path = 14.swift; sourceTree = "<group>"; };
		A021D35B2F2E687900AF94A1 /* 15.swift */ = {isa = PBXFileReference; lastKnownFileType = sourcecode.swift; path = 15.swift; sourceTree = "<group>"; };
		A021D3612F2E68C500AF94A1 /* 17.swift */ = {isa = PBXFileReference; lastKnownFileType = sourcecode.swift; path = 17.swift; sourceTree = "<group>"; };
		A021D3632F2E68D100AF94A1 /* 18.swift */ = {isa = PBXFileReference; lastKnownFileType = sourcecode.swift; path = 18.swift; sourceTree = "<group>"; };
		A021D3652F2E68DD00AF94A1 /* 19.swift */ = {isa = PBXFileReference; lastKnownFileType = sourcecode.swift; path = 19.swift; sourceTree = "<group>"; };
		A021D3672F2E68EE00AF94A1 /* 20.swift */ = {isa = PBXFileReference; lastKnownFileType = sourcecode.swift; path = 20.swift; sourceTree = "<group>"; };
		A021D3692F2E68FB00AF94A1 /* 21.swift */ = {isa = PBXFileReference; lastKnownFileType = sourcecode.swift; path = 21.swift; sourceTree = "<group>"; };
		A021D36B2F2E690800AF94A1 /* 22.swift */ = {isa = PBXFileReference; lastKnownFileType = sourcecode.swift; path = 22.swift; sourceTree = "<group>"; };
		A021D36D2F2E691400AF94A1 /* 23.swift */ = {isa = PBXFileReference; lastKnownFileType = sourcecode.swift; path = 23.swift; sourceTree = "<group>"; };
		A021D36F2F2E692100AF94A1 /* 24.swift */ = {isa = PBXFileReference; lastKnownFileType = sourcecode.swift; path = 24.swift; sourceTree = "<group>"; };
		A021D3732F2E694500AF94A1 /* 25.swift */ = {isa = PBXFileReference; lastKnownFileType = sourcecode.swift; path = 25.swift; sourceTree = "<group>"; };
		A0572A8C2F2E52B100B00C0F /* TexturaStore.app */ = {isa = PBXFileReference; explicitFileType = wrapper.application; includeInIndex = 0; path = TexturaStore.app; sourceTree = BUILT_PRODUCTS_DIR; };
		A0572A9E2F2E52B400B00C0F /* TexturaStoreTests.xctest */ = {isa = PBXFileReference; explicitFileType = wrapper.cfbundle; includeInIndex = 0; path = TexturaStoreTests.xctest; sourceTree = BUILT_PRODUCTS_DIR; };
		A0572AA82F2E52B400B00C0F /* TexturaStoreUITests.xctest */ = {isa = PBXFileReference; explicitFileType = wrapper.cfbundle; includeInIndex = 0; path = TexturaStoreUITests.xctest; sourceTree = BUILT_PRODUCTS_DIR; };
		A0572ABB2F2E541800B00C0F /* Assets.xcassets */ = {isa = PBXFileReference; lastKnownFileType = folder.assetcatalog; path = Assets.xcassets; sourceTree = "<group>"; };
		A0572ABC2F2E541800B00C0F /* AppRootView.swift */ = {isa = PBXFileReference; lastKnownFileType = sourcecode.swift; path = AppRootView.swift; sourceTree = "<group>"; };
		A0572ABD2F2E541800B00C0F /* Persistence.swift */ = {isa = PBXFileReference; lastKnownFileType = sourcecode.swift; path = Persistence.swift; sourceTree = "<group>"; };
		A0572ABF2F2E541800B00C0F /* TexturaStoreApp.swift */ = {isa = PBXFileReference; lastKnownFileType = sourcecode.swift; path = TexturaStoreApp.swift; sourceTree = "<group>"; };
		A0572AC12F2E541800B00C0F /* TexturaStore.xcdatamodel */ = {isa = PBXFileReference; lastKnownFileType = wrapper.xcdatamodel; path = TexturaStore.xcdatamodel; sourceTree = "<group>"; };
		A0572AC72F2E541D00B00C0F /* TexturaStoreTests.swift */ = {isa = PBXFileReference; lastKnownFileType = sourcecode.swift; path = TexturaStoreTests.swift; sourceTree = "<group>"; };
		A0572ACA2F2E542100B00C0F /* TexturaStoreUITests.swift */ = {isa = PBXFileReference; lastKnownFileType = sourcecode.swift; path = TexturaStoreUITests.swift; sourceTree = "<group>"; };
		A0572ACB2F2E542100B00C0F /* TexturaStoreUITestsLaunchTests.swift */ = {isa = PBXFileReference; lastKnownFileType = sourcecode.swift; path = TexturaStoreUITestsLaunchTests.swift; sourceTree = "<group>"; };
		A0D250E52F2E7B1200C6B040 /* Coordinator.swift */ = {isa = PBXFileReference; lastKnownFileType = sourcecode.swift; path = Coordinator.swift; sourceTree = "<group>"; };
		A0D250E72F2E7B4000C6B040 /* CoordinatorBox.swift */ = {isa = PBXFileReference; lastKnownFileType = sourcecode.swift; path = CoordinatorBox.swift; sourceTree = "<group>"; };
		A0D250EB2F2E7B8200C6B040 /* AnyCoordinatorBox.swift */ = {isa = PBXFileReference; lastKnownFileType = sourcecode.swift; path = AnyCoordinatorBox.swift; sourceTree = "<group>"; };
		A0D250ED2F2E7BCC00C6B040 /* AppNavigationContainer.swift */ = {isa = PBXFileReference; lastKnownFileType = sourcecode.swift; path = AppNavigationContainer.swift; sourceTree = "<group>"; };
		A0D250EF2F2E7BF400C6B040 /* AppRoute.swift */ = {isa = PBXFileReference; lastKnownFileType = sourcecode.swift; path = AppRoute.swift; sourceTree = "<group>"; };
		A0D250F12F2E7C0F00C6B040 /* MainTab.swift */ = {isa = PBXFileReference; lastKnownFileType = sourcecode.swift; path = MainTab.swift; sourceTree = "<group>"; };
		A0D250F32F2E7C2900C6B040 /* AppCoordinator.swift */ = {isa = PBXFileReference; lastKnownFileType = sourcecode.swift; path = AppCoordinator.swift; sourceTree = "<group>"; };
		A0D250F52F2E7C6500C6B040 /* AuthCoordinator.swift */ = {isa = PBXFileReference; lastKnownFileType = sourcecode.swift; path = AuthCoordinator.swift; sourceTree = "<group>"; };
		A0D250F72F2E7CA200C6B040 /* MainTabCoordinator.swift */ = {isa = PBXFileReference; lastKnownFileType = sourcecode.swift; path = MainTabCoordinator.swift; sourceTree = "<group>"; };
		A0D250FC2F2E7D1F00C6B040 /* AuthRootView.swift */ = {isa = PBXFileReference; lastKnownFileType = sourcecode.swift; path = AuthRootView.swift; sourceTree = "<group>"; };
		A0D250FF2F2E7D5300C6B040 /* ProfileRootView.swift */ = {isa = PBXFileReference; lastKnownFileType = sourcecode.swift; path = ProfileRootView.swift; sourceTree = "<group>"; };
		A0D2510A2F2E85CB00C6B040 /* DesignSystem.swift */ = {isa = PBXFileReference; lastKnownFileType = sourcecode.swift; path = DesignSystem.swift; sourceTree = "<group>"; };
		A0D2510C2F2E886A00C6B040 /* Color+DesignSystem.swift */ = {isa = PBXFileReference; lastKnownFileType = sourcecode.swift; path = "Color+DesignSystem.swift"; sourceTree = "<group>"; };
		A0D2510E2F2E88A800C6B040 /* Font+DesignSystem.swift */ = {isa = PBXFileReference; lastKnownFileType = sourcecode.swift; path = "Font+DesignSystem.swift"; sourceTree = "<group>"; };
		A0D251102F2E88D200C6B040 /* CGFloat+DesignSystem.swift */ = {isa = PBXFileReference; lastKnownFileType = sourcecode.swift; path = "CGFloat+DesignSystem.swift"; sourceTree = "<group>"; };
		A0D251292F2F0A4C00C6B040 /* AuthCoordinating.swift */ = {isa = PBXFileReference; lastKnownFileType = sourcecode.swift; path = AuthCoordinating.swift; sourceTree = "<group>"; };
		A0D2512B2F2F0A6D00C6B040 /* MainTabCoordinating.swift */ = {isa = PBXFileReference; lastKnownFileType = sourcecode.swift; path = MainTabCoordinating.swift; sourceTree = "<group>"; };
		A0D2512D2F2F0BA100C6B040 /* AppCoordinating.swift */ = {isa = PBXFileReference; lastKnownFileType = sourcecode.swift; path = AppCoordinating.swift; sourceTree = "<group>"; };
		A0D2513D2F2F79AE00C6B040 /* Container+Coordinators.swift */ = {isa = PBXFileReference; lastKnownFileType = sourcecode.swift; path = "Container+Coordinators.swift"; sourceTree = "<group>"; };
		A0D2513F2F2F7E5B00C6B040 /* Container+Factories.swift */ = {isa = PBXFileReference; lastKnownFileType = sourcecode.swift; path = "Container+Factories.swift"; sourceTree = "<group>"; };
		A0D251422F2FA37300C6B040 /* CatalogCoordinating.swift */ = {isa = PBXFileReference; lastKnownFileType = sourcecode.swift; path = CatalogCoordinating.swift; sourceTree = "<group>"; };
		A0D251442F2FA39A00C6B040 /* FavoritesCoordinating.swift */ = {isa = PBXFileReference; lastKnownFileType = sourcecode.swift; path = FavoritesCoordinating.swift; sourceTree = "<group>"; };
		A0D251462F2FA3B600C6B040 /* CartCoordinating.swift */ = {isa = PBXFileReference; lastKnownFileType = sourcecode.swift; path = CartCoordinating.swift; sourceTree = "<group>"; };
		A0D251482F2FA3DC00C6B040 /* ProfileCoordinating.swift */ = {isa = PBXFileReference; lastKnownFileType = sourcecode.swift; path = ProfileCoordinating.swift; sourceTree = "<group>"; };
		A0D2514A2F2FA40E00C6B040 /* CatalogCoordinator.swift */ = {isa = PBXFileReference; lastKnownFileType = sourcecode.swift; path = CatalogCoordinator.swift; sourceTree = "<group>"; };
		A0D2514D2F2FA45900C6B040 /* FavoritesCoordinator.swift */ = {isa = PBXFileReference; lastKnownFileType = sourcecode.swift; path = FavoritesCoordinator.swift; sourceTree = "<group>"; };
		A0D251502F2FA4A600C6B040 /* CartCoordinator.swift */ = {isa = PBXFileReference; lastKnownFileType = sourcecode.swift; path = CartCoordinator.swift; sourceTree = "<group>"; };
		A0D251532F2FA50000C6B040 /* ProfileCoordinator.swift */ = {isa = PBXFileReference; lastKnownFileType = sourcecode.swift; path = ProfileCoordinator.swift; sourceTree = "<group>"; };
		A0D251552F2FACD800C6B040 /* MainTabRootView.swift */ = {isa = PBXFileReference; lastKnownFileType = sourcecode.swift; path = MainTabRootView.swift; sourceTree = "<group>"; };
		A0E3B7632F30C15D0038E3BB /* en */ = {isa = PBXFileReference; lastKnownFileType = text.plist.strings; name = en; path = en.lproj/Localizable.strings; sourceTree = "<group>"; };
		A0E3B7652F30C1770038E3BB /* ru */ = {isa = PBXFileReference; lastKnownFileType = text.plist.strings; name = ru; path = ru.lproj/Localizable.strings; sourceTree = "<group>"; };
		A0E3B7672F30C6E20038E3BB /* Strings+Generated.swift */ = {isa = PBXFileReference; lastKnownFileType = sourcecode.swift; path = "Strings+Generated.swift"; sourceTree = "<group>"; };
/* End PBXFileReference section */

/* Begin PBXFrameworksBuildPhase section */
		A0572A892F2E52B100B00C0F /* Frameworks */ = {
			isa = PBXFrameworksBuildPhase;
			buildActionMask = 2147483647;
			files = (
				A0D2513B2F2F794400C6B040 /* FactoryKit in Frameworks */,
				A0D251392F2F794400C6B040 /* Factory in Frameworks */,
			);
			runOnlyForDeploymentPostprocessing = 0;
		};
		A0572A9B2F2E52B400B00C0F /* Frameworks */ = {
			isa = PBXFrameworksBuildPhase;
			buildActionMask = 2147483647;
			files = (
			);
			runOnlyForDeploymentPostprocessing = 0;
		};
		A0572AA52F2E52B400B00C0F /* Frameworks */ = {
			isa = PBXFrameworksBuildPhase;
			buildActionMask = 2147483647;
			files = (
			);
			runOnlyForDeploymentPostprocessing = 0;
		};
/* End PBXFrameworksBuildPhase section */

/* Begin PBXGroup section */
		A0572A832F2E52B100B00C0F = {
			isa = PBXGroup;
			children = (
				A0572AC02F2E541800B00C0F /* TexturaStore */,
				A0572AC82F2E541D00B00C0F /* TexturaStoreTests */,
				A0572ACC2F2E542100B00C0F /* TexturaStoreUITests */,
				A0572A8D2F2E52B100B00C0F /* Products */,
			);
			sourceTree = "<group>";
		};
		A0572A8D2F2E52B100B00C0F /* Products */ = {
			isa = PBXGroup;
			children = (
				A0572A8C2F2E52B100B00C0F /* TexturaStore.app */,
				A0572A9E2F2E52B400B00C0F /* TexturaStoreTests.xctest */,
				A0572AA82F2E52B400B00C0F /* TexturaStoreUITests.xctest */,
			);
			name = Products;
			sourceTree = "<group>";
		};
		A0572AC02F2E541800B00C0F /* TexturaStore */ = {
			isa = PBXGroup;
			children = (
				A0E3B7662F30C2910038E3BB /* Generated */,
				A0572AD22F2E590400B00C0F /* App */,
				A0572AD32F2E5A2500B00C0F /* Core */,
				A0572ACF2F2E57ED00B00C0F /* Data */,
				A0572AE42F2E5BC800B00C0F /* Domain */,
				A0572B1D2F2E60F300B00C0F /* Presentation */,
				A0572AD12F2E581100B00C0F /* Resources */,
			);
			path = TexturaStore;
			sourceTree = "<group>";
		};
		A0572AC82F2E541D00B00C0F /* TexturaStoreTests */ = {
			isa = PBXGroup;
			children = (
				A0572AC72F2E541D00B00C0F /* TexturaStoreTests.swift */,
			);
			path = TexturaStoreTests;
			sourceTree = "<group>";
		};
		A0572ACC2F2E542100B00C0F /* TexturaStoreUITests */ = {
			isa = PBXGroup;
			children = (
				A0572ACA2F2E542100B00C0F /* TexturaStoreUITests.swift */,
				A0572ACB2F2E542100B00C0F /* TexturaStoreUITestsLaunchTests.swift */,
			);
			path = TexturaStoreUITests;
			sourceTree = "<group>";
		};
		A0572ACF2F2E57ED00B00C0F /* Data */ = {
			isa = PBXGroup;
			children = (
				A0572ADE2F2E5B4B00B00C0F /* Remote */,
				A0572AD02F2E57FE00B00C0F /* Local */,
				A0572ADF2F2E5B6300B00C0F /* Repositories */,
				A0572AE02F2E5B7900B00C0F /* Mappers */,
				A0572AE12F2E5B8D00B00C0F /* Storage */,
			);
			path = Data;
			sourceTree = "<group>";
		};
		A0572AD02F2E57FE00B00C0F /* Local */ = {
			isa = PBXGroup;
			children = (
				A0572ABD2F2E541800B00C0F /* Persistence.swift */,
				A0572ABE2F2E541800B00C0F /* TexturaStore.xcdatamodeld */,
			);
			path = Local;
			sourceTree = "<group>";
		};
		A0572AD12F2E581100B00C0F /* Resources */ = {
			isa = PBXGroup;
			children = (
				A0E3B7612F30C1350038E3BB /* Localization */,
				A0572ABB2F2E541800B00C0F /* Assets.xcassets */,
			);
			path = Resources;
			sourceTree = "<group>";
		};
		A0572AD22F2E590400B00C0F /* App */ = {
			isa = PBXGroup;
			children = (
				A0572ABC2F2E541800B00C0F /* AppRootView.swift */,
				A0572ABF2F2E541800B00C0F /* TexturaStoreApp.swift */,
			);
			path = App;
			sourceTree = "<group>";
		};
		A0572AD32F2E5A2500B00C0F /* Core */ = {
			isa = PBXGroup;
			children = (
				A0572AD42F2E5A3600B00C0F /* DI */,
				A0572AD52F2E5A4400B00C0F /* Extensions */,
				A0572AD62F2E5A5A00B00C0F /* Utils */,
				A0572AD72F2E5A8600B00C0F /* Services */,
				A0572AD82F2E5A9E00B00C0F /* DesignSystem */,
			);
			path = Core;
			sourceTree = "<group>";
		};
		A0572AD42F2E5A3600B00C0F /* DI */ = {
			isa = PBXGroup;
			children = (
				A0D2513C2F2F796700C6B040 /* Factory */,
			);
			path = DI;
			sourceTree = "<group>";
		};
		A0572AD52F2E5A4400B00C0F /* Extensions */ = {
			isa = PBXGroup;
			children = (
				A021D33D2F2E679C00AF94A1 /* 2.swift */,
			);
			path = Extensions;
			sourceTree = "<group>";
		};
		A0572AD62F2E5A5A00B00C0F /* Utils */ = {
			isa = PBXGroup;
			children = (
				A021D33F2F2E67A800AF94A1 /* 3.swift */,
			);
			path = Utils;
			sourceTree = "<group>";
		};
		A0572AD72F2E5A8600B00C0F /* Services */ = {
			isa = PBXGroup;
			children = (
				A021D3412F2E67B500AF94A1 /* 4.swift */,
			);
			path = Services;
			sourceTree = "<group>";
		};
		A0572AD82F2E5A9E00B00C0F /* DesignSystem */ = {
			isa = PBXGroup;
			children = (
				A0D251072F2E853100C6B040 /* Core */,
				A0572AD92F2E5AC600B00C0F /* Colors */,
				A0572ADA2F2E5AD800B00C0F /* Fonts */,
				A0572ADB2F2E5AE900B00C0F /* Spacing */,
				A0572ADD2F2E5B1100B00C0F /* Components */,
			);
			path = DesignSystem;
			sourceTree = "<group>";
		};
		A0572AD92F2E5AC600B00C0F /* Colors */ = {
			isa = PBXGroup;
			children = (
				A0D2510C2F2E886A00C6B040 /* Color+DesignSystem.swift */,
			);
			path = Colors;
			sourceTree = "<group>";
		};
		A0572ADA2F2E5AD800B00C0F /* Fonts */ = {
			isa = PBXGroup;
			children = (
				A0D2510E2F2E88A800C6B040 /* Font+DesignSystem.swift */,
			);
			path = Fonts;
			sourceTree = "<group>";
		};
		A0572ADB2F2E5AE900B00C0F /* Spacing */ = {
			isa = PBXGroup;
			children = (
				A0D251102F2E88D200C6B040 /* CGFloat+DesignSystem.swift */,
			);
			path = Spacing;
			sourceTree = "<group>";
		};
		A0572ADD2F2E5B1100B00C0F /* Components */ = {
			isa = PBXGroup;
			children = (
				A0D251552F2FACD800C6B040 /* MainTabRootView.swift */,
			);
			path = Components;
			sourceTree = "<group>";
		};
		A0572ADE2F2E5B4B00B00C0F /* Remote */ = {
			isa = PBXGroup;
			children = (
				A021D34D2F2E680300AF94A1 /* 10.swift */,
			);
			path = Remote;
			sourceTree = "<group>";
		};
		A0572ADF2F2E5B6300B00C0F /* Repositories */ = {
			isa = PBXGroup;
			children = (
				A021D3512F2E682300AF94A1 /* 11.swift */,
			);
			path = Repositories;
			sourceTree = "<group>";
		};
		A0572AE02F2E5B7900B00C0F /* Mappers */ = {
			isa = PBXGroup;
			children = (
				A021D3532F2E683300AF94A1 /* 12.swift */,
			);
			path = Mappers;
			sourceTree = "<group>";
		};
		A0572AE12F2E5B8D00B00C0F /* Storage */ = {
			isa = PBXGroup;
			children = (
				A0572AE22F2E5B9F00B00C0F /* Keychain */,
				A0572AE32F2E5BAB00B00C0F /* UserDefaults */,
			);
			path = Storage;
			sourceTree = "<group>";
		};
		A0572AE22F2E5B9F00B00C0F /* Keychain */ = {
			isa = PBXGroup;
			children = (
				A021D3572F2E685A00AF94A1 /* 13.swift */,
			);
			path = Keychain;
			sourceTree = "<group>";
		};
		A0572AE32F2E5BAB00B00C0F /* UserDefaults */ = {
			isa = PBXGroup;
			children = (
				A021D3592F2E686800AF94A1 /* 14.swift */,
			);
			path = UserDefaults;
			sourceTree = "<group>";
		};
		A0572AE42F2E5BC800B00C0F /* Domain */ = {
			isa = PBXGroup;
			children = (
				A0572AE52F2E5C0700B00C0F /* Models */,
				A0572AE62F2E5C1300B00C0F /* Protocols */,
				A0572AE72F2E5E8500B00C0F /* UseCases */,
				A0572AF02F2E5F2600B00C0F /* Errors */,
			);
			path = Domain;
			sourceTree = "<group>";
		};
		A0572AE52F2E5C0700B00C0F /* Models */ = {
			isa = PBXGroup;
			children = (
				A021D35B2F2E687900AF94A1 /* 15.swift */,
			);
			path = Models;
			sourceTree = "<group>";
		};
		A0572AE62F2E5C1300B00C0F /* Protocols */ = {
			isa = PBXGroup;
			children = (
				A0D250E42F2E7AEE00C6B040 /* Coordinators */,
			);
			path = Protocols;
			sourceTree = "<group>";
		};
		A0572AE72F2E5E8500B00C0F /* UseCases */ = {
			isa = PBXGroup;
			children = (
				A0572AE92F2E5EB500B00C0F /* Auth */,
				A0572AEA2F2E5EC100B00C0F /* Catalog */,
				A0572AEB2F2E5ED000B00C0F /* Favorites */,
				A0572AEC2F2E5EE000B00C0F /* Cart */,
				A0572AED2F2E5EF000B00C0F /* Orders */,
				A0572AEE2F2E5F0000B00C0F /* Profile */,
				A0572B2E2F2E63B700B00C0F /* Review */,
				A0572AEF2F2E5F1300B00C0F /* Settings */,
			);
			path = UseCases;
			sourceTree = "<group>";
		};
		A0572AE92F2E5EB500B00C0F /* Auth */ = {
			isa = PBXGroup;
			children = (
				A021D3612F2E68C500AF94A1 /* 17.swift */,
			);
			path = Auth;
			sourceTree = "<group>";
		};
		A0572AEA2F2E5EC100B00C0F /* Catalog */ = {
			isa = PBXGroup;
			children = (
				A021D3632F2E68D100AF94A1 /* 18.swift */,
			);
			path = Catalog;
			sourceTree = "<group>";
		};
		A0572AEB2F2E5ED000B00C0F /* Favorites */ = {
			isa = PBXGroup;
			children = (
				A021D3652F2E68DD00AF94A1 /* 19.swift */,
			);
			path = Favorites;
			sourceTree = "<group>";
		};
		A0572AEC2F2E5EE000B00C0F /* Cart */ = {
			isa = PBXGroup;
			children = (
				A021D3672F2E68EE00AF94A1 /* 20.swift */,
			);
			path = Cart;
			sourceTree = "<group>";
		};
		A0572AED2F2E5EF000B00C0F /* Orders */ = {
			isa = PBXGroup;
			children = (
				A021D3692F2E68FB00AF94A1 /* 21.swift */,
			);
			path = Orders;
			sourceTree = "<group>";
		};
		A0572AEE2F2E5F0000B00C0F /* Profile */ = {
			isa = PBXGroup;
			children = (
				A021D36B2F2E690800AF94A1 /* 22.swift */,
			);
			path = Profile;
			sourceTree = "<group>";
		};
		A0572AEF2F2E5F1300B00C0F /* Settings */ = {
			isa = PBXGroup;
			children = (
				A021D36F2F2E692100AF94A1 /* 24.swift */,
			);
			path = Settings;
			sourceTree = "<group>";
		};
		A0572AF02F2E5F2600B00C0F /* Errors */ = {
			isa = PBXGroup;
			children = (
				A021D3732F2E694500AF94A1 /* 25.swift */,
			);
			path = Errors;
			sourceTree = "<group>";
		};
		A0572B1D2F2E60F300B00C0F /* Presentation */ = {
			isa = PBXGroup;
			children = (
				A0572B1E2F2E610600B00C0F /* Navigation */,
				A0572B1F2F2E611200B00C0F /* Scenes */,
			);
			path = Presentation;
			sourceTree = "<group>";
		};
		A0572B1E2F2E610600B00C0F /* Navigation */ = {
			isa = PBXGroup;
			children = (
				A0D251012F2E800200C6B040 /* Core */,
				A0D251022F2E803F00C6B040 /* App */,
				A0D251032F2E805600C6B040 /* MainTab */,
				A0D251042F2E807300C6B040 /* Auth */,
				A0D251412F2FA34500C6B040 /* Catalog */,
				A0D2514C2F2FA43300C6B040 /* Favorites */,
				A0D2514F2F2FA47D00C6B040 /* Cart */,
				A0D251522F2FA4DF00C6B040 /* Profile */,
			);
			path = Navigation;
			sourceTree = "<group>";
		};
		A0572B1F2F2E611200B00C0F /* Scenes */ = {
			isa = PBXGroup;
			children = (
				A0D250FE2F2E7D4300C6B040 /* Profile */,
				A0D250FB2F2E7D1100C6B040 /* Auth */,
			);
			path = Scenes;
			sourceTree = "<group>";
		};
		A0572B2E2F2E63B700B00C0F /* Review */ = {
			isa = PBXGroup;
			children = (
				A021D36D2F2E691400AF94A1 /* 23.swift */,
			);
			path = Review;
			sourceTree = "<group>";
		};
		A0D250E42F2E7AEE00C6B040 /* Coordinators */ = {
			isa = PBXGroup;
			children = (
				A0D250E52F2E7B1200C6B040 /* Coordinator.swift */,
				A0D250E72F2E7B4000C6B040 /* CoordinatorBox.swift */,
				A0D2512D2F2F0BA100C6B040 /* AppCoordinating.swift */,
				A0D2512B2F2F0A6D00C6B040 /* MainTabCoordinating.swift */,
				A0D251292F2F0A4C00C6B040 /* AuthCoordinating.swift */,
				A0D251422F2FA37300C6B040 /* CatalogCoordinating.swift */,
				A0D251442F2FA39A00C6B040 /* FavoritesCoordinating.swift */,
				A0D251462F2FA3B600C6B040 /* CartCoordinating.swift */,
				A0D251482F2FA3DC00C6B040 /* ProfileCoordinating.swift */,
			);
			path = Coordinators;
			sourceTree = "<group>";
		};
		A0D250FB2F2E7D1100C6B040 /* Auth */ = {
			isa = PBXGroup;
			children = (
				A0D250FC2F2E7D1F00C6B040 /* AuthRootView.swift */,
			);
			path = Auth;
			sourceTree = "<group>";
		};
		A0D250FE2F2E7D4300C6B040 /* Profile */ = {
			isa = PBXGroup;
			children = (
				A0D250FF2F2E7D5300C6B040 /* ProfileRootView.swift */,
			);
			path = Profile;
			sourceTree = "<group>";
		};
		A0D251012F2E800200C6B040 /* Core */ = {
			isa = PBXGroup;
			children = (
				A0D250ED2F2E7BCC00C6B040 /* AppNavigationContainer.swift */,
				A0D250EB2F2E7B8200C6B040 /* AnyCoordinatorBox.swift */,
			);
			path = Core;
			sourceTree = "<group>";
		};
		A0D251022F2E803F00C6B040 /* App */ = {
			isa = PBXGroup;
			children = (
				A0D250EF2F2E7BF400C6B040 /* AppRoute.swift */,
				A0D250F32F2E7C2900C6B040 /* AppCoordinator.swift */,
			);
			path = App;
			sourceTree = "<group>";
		};
		A0D251032F2E805600C6B040 /* MainTab */ = {
			isa = PBXGroup;
			children = (
				A0D250F12F2E7C0F00C6B040 /* MainTab.swift */,
				A0D250F72F2E7CA200C6B040 /* MainTabCoordinator.swift */,
			);
			path = MainTab;
			sourceTree = "<group>";
		};
		A0D251042F2E807300C6B040 /* Auth */ = {
			isa = PBXGroup;
			children = (
				A0D250F52F2E7C6500C6B040 /* AuthCoordinator.swift */,
			);
			path = Auth;
			sourceTree = "<group>";
		};
		A0D251072F2E853100C6B040 /* Core */ = {
			isa = PBXGroup;
			children = (
				A0D2510A2F2E85CB00C6B040 /* DesignSystem.swift */,
			);
			path = Core;
			sourceTree = "<group>";
		};
		A0D2513C2F2F796700C6B040 /* Factory */ = {
			isa = PBXGroup;
			children = (
				A0D2513D2F2F79AE00C6B040 /* Container+Coordinators.swift */,
				A0D2513F2F2F7E5B00C6B040 /* Container+Factories.swift */,
			);
			path = Factory;
			sourceTree = "<group>";
		};
		A0D251412F2FA34500C6B040 /* Catalog */ = {
			isa = PBXGroup;
			children = (
				A0D2514A2F2FA40E00C6B040 /* CatalogCoordinator.swift */,
			);
			path = Catalog;
			sourceTree = "<group>";
		};
		A0D2514C2F2FA43300C6B040 /* Favorites */ = {
			isa = PBXGroup;
			children = (
				A0D2514D2F2FA45900C6B040 /* FavoritesCoordinator.swift */,
			);
			path = Favorites;
			sourceTree = "<group>";
		};
		A0D2514F2F2FA47D00C6B040 /* Cart */ = {
			isa = PBXGroup;
			children = (
				A0D251502F2FA4A600C6B040 /* CartCoordinator.swift */,
			);
			path = Cart;
			sourceTree = "<group>";
		};
		A0D251522F2FA4DF00C6B040 /* Profile */ = {
			isa = PBXGroup;
			children = (
				A0D251532F2FA50000C6B040 /* ProfileCoordinator.swift */,
			);
			path = Profile;
			sourceTree = "<group>";
		};
		A0E3B7612F30C1350038E3BB /* Localization */ = {
			isa = PBXGroup;
			children = (
				A0E3B7622F30C15D0038E3BB /* Localizable.strings */,
			);
			path = Localization;
			sourceTree = "<group>";
		};
		A0E3B7662F30C2910038E3BB /* Generated */ = {
			isa = PBXGroup;
			children = (
				A0E3B7672F30C6E20038E3BB /* Strings+Generated.swift */,
			);
			path = Generated;
			sourceTree = "<group>";
		};
/* End PBXGroup section */

/* Begin PBXNativeTarget section */
		A0572A8B2F2E52B100B00C0F /* TexturaStore */ = {
			isa = PBXNativeTarget;
			buildConfigurationList = A0572AB22F2E52B400B00C0F /* Build configuration list for PBXNativeTarget "TexturaStore" */;
			buildPhases = (
				A0572A882F2E52B100B00C0F /* Sources */,
				A0572A892F2E52B100B00C0F /* Frameworks */,
				A0572A8A2F2E52B100B00C0F /* Resources */,
			);
			buildRules = (
			);
			dependencies = (
			);
			name = TexturaStore;
			packageProductDependencies = (
				A0D251382F2F794400C6B040 /* Factory */,
				A0D2513A2F2F794400C6B040 /* FactoryKit */,
			);
			productName = TexturaStore;
			productReference = A0572A8C2F2E52B100B00C0F /* TexturaStore.app */;
			productType = "com.apple.product-type.application";
		};
		A0572A9D2F2E52B400B00C0F /* TexturaStoreTests */ = {
			isa = PBXNativeTarget;
			buildConfigurationList = A0572AB52F2E52B400B00C0F /* Build configuration list for PBXNativeTarget "TexturaStoreTests" */;
			buildPhases = (
				A0572A9A2F2E52B400B00C0F /* Sources */,
				A0572A9B2F2E52B400B00C0F /* Frameworks */,
				A0572A9C2F2E52B400B00C0F /* Resources */,
			);
			buildRules = (
			);
			dependencies = (
				A0572AA02F2E52B400B00C0F /* PBXTargetDependency */,
			);
			name = TexturaStoreTests;
			packageProductDependencies = (
			);
			productName = TexturaStoreTests;
			productReference = A0572A9E2F2E52B400B00C0F /* TexturaStoreTests.xctest */;
			productType = "com.apple.product-type.bundle.unit-test";
		};
		A0572AA72F2E52B400B00C0F /* TexturaStoreUITests */ = {
			isa = PBXNativeTarget;
			buildConfigurationList = A0572AB82F2E52B400B00C0F /* Build configuration list for PBXNativeTarget "TexturaStoreUITests" */;
			buildPhases = (
				A0572AA42F2E52B400B00C0F /* Sources */,
				A0572AA52F2E52B400B00C0F /* Frameworks */,
				A0572AA62F2E52B400B00C0F /* Resources */,
			);
			buildRules = (
			);
			dependencies = (
				A0572AAA2F2E52B400B00C0F /* PBXTargetDependency */,
			);
			name = TexturaStoreUITests;
			packageProductDependencies = (
			);
			productName = TexturaStoreUITests;
			productReference = A0572AA82F2E52B400B00C0F /* TexturaStoreUITests.xctest */;
			productType = "com.apple.product-type.bundle.ui-testing";
		};
/* End PBXNativeTarget section */

/* Begin PBXProject section */
		A0572A842F2E52B100B00C0F /* Project object */ = {
			isa = PBXProject;
			attributes = {
				BuildIndependentTargetsInParallel = 1;
				LastSwiftUpdateCheck = 2620;
				LastUpgradeCheck = 2620;
				TargetAttributes = {
					A0572A8B2F2E52B100B00C0F = {
						CreatedOnToolsVersion = 26.2;
					};
					A0572A9D2F2E52B400B00C0F = {
						CreatedOnToolsVersion = 26.2;
						TestTargetID = A0572A8B2F2E52B100B00C0F;
					};
					A0572AA72F2E52B400B00C0F = {
						CreatedOnToolsVersion = 26.2;
						TestTargetID = A0572A8B2F2E52B100B00C0F;
					};
				};
			};
			buildConfigurationList = A0572A872F2E52B100B00C0F /* Build configuration list for PBXProject "TexturaStore" */;
			developmentRegion = en;
			hasScannedForEncodings = 0;
			knownRegions = (
				en,
				Base,
				ru,
			);
			mainGroup = A0572A832F2E52B100B00C0F;
			minimizedProjectReferenceProxies = 1;
			packageReferences = (
				A0D251372F2F794400C6B040 /* XCRemoteSwiftPackageReference "Factory" */,
			);
			preferredProjectObjectVersion = 77;
			productRefGroup = A0572A8D2F2E52B100B00C0F /* Products */;
			projectDirPath = "";
			projectRoot = "";
			targets = (
				A0572A8B2F2E52B100B00C0F /* TexturaStore */,
				A0572A9D2F2E52B400B00C0F /* TexturaStoreTests */,
				A0572AA72F2E52B400B00C0F /* TexturaStoreUITests */,
			);
		};
/* End PBXProject section */

/* Begin PBXResourcesBuildPhase section */
		A0572A8A2F2E52B100B00C0F /* Resources */ = {
			isa = PBXResourcesBuildPhase;
			buildActionMask = 2147483647;
			files = (
				A0572AC62F2E541800B00C0F /* Assets.xcassets in Resources */,
				A0E3B7642F30C15D0038E3BB /* Localizable.strings in Resources */,
			);
			runOnlyForDeploymentPostprocessing = 0;
		};
		A0572A9C2F2E52B400B00C0F /* Resources */ = {
			isa = PBXResourcesBuildPhase;
			buildActionMask = 2147483647;
			files = (
			);
			runOnlyForDeploymentPostprocessing = 0;
		};
		A0572AA62F2E52B400B00C0F /* Resources */ = {
			isa = PBXResourcesBuildPhase;
			buildActionMask = 2147483647;
			files = (
			);
			runOnlyForDeploymentPostprocessing = 0;
		};
/* End PBXResourcesBuildPhase section */

/* Begin PBXSourcesBuildPhase section */
		A0572A882F2E52B100B00C0F /* Sources */ = {
			isa = PBXSourcesBuildPhase;
			buildActionMask = 2147483647;
			files = (
				A0D2510B2F2E85CB00C6B040 /* DesignSystem.swift in Sources */,
				A021D3742F2E694500AF94A1 /* 25.swift in Sources */,
				A021D3702F2E692100AF94A1 /* 24.swift in Sources */,
				A021D33E2F2E679C00AF94A1 /* 2.swift in Sources */,
				A0D251542F2FA50000C6B040 /* ProfileCoordinator.swift in Sources */,
				A0D2512C2F2F0A6D00C6B040 /* MainTabCoordinating.swift in Sources */,
				A0D2512A2F2F0A4C00C6B040 /* AuthCoordinating.swift in Sources */,
				A0D251452F2FA39A00C6B040 /* FavoritesCoordinating.swift in Sources */,
				A021D35A2F2E686800AF94A1 /* 14.swift in Sources */,
				A0572AC22F2E541800B00C0F /* AppRootView.swift in Sources */,
				A0E3B7682F30C6E20038E3BB /* Strings+Generated.swift in Sources */,
				A021D3682F2E68EE00AF94A1 /* 20.swift in Sources */,
				A021D34E2F2E680300AF94A1 /* 10.swift in Sources */,
				A021D36C2F2E690800AF94A1 /* 22.swift in Sources */,
				A0D2512E2F2F0BA100C6B040 /* AppCoordinating.swift in Sources */,
				A021D3662F2E68DD00AF94A1 /* 19.swift in Sources */,
				A0D250FD2F2E7D1F00C6B040 /* AuthRootView.swift in Sources */,
				A0D250EC2F2E7B8200C6B040 /* AnyCoordinatorBox.swift in Sources */,
				A0D2510D2F2E886A00C6B040 /* Color+DesignSystem.swift in Sources */,
				A0D250E82F2E7B4000C6B040 /* CoordinatorBox.swift in Sources */,
				A021D36A2F2E68FB00AF94A1 /* 21.swift in Sources */,
				A021D3542F2E683300AF94A1 /* 12.swift in Sources */,
				A0572AC32F2E541800B00C0F /* Persistence.swift in Sources */,
				A0D250F62F2E7C6500C6B040 /* AuthCoordinator.swift in Sources */,
				A0D250E62F2E7B1200C6B040 /* Coordinator.swift in Sources */,
				A021D3522F2E682300AF94A1 /* 11.swift in Sources */,
				A021D3622F2E68C500AF94A1 /* 17.swift in Sources */,
				A0D251492F2FA3DC00C6B040 /* ProfileCoordinating.swift in Sources */,
				A0D251112F2E88D200C6B040 /* CGFloat+DesignSystem.swift in Sources */,
				A0D251472F2FA3B600C6B040 /* CartCoordinating.swift in Sources */,
				A0572AC42F2E541800B00C0F /* TexturaStore.xcdatamodeld in Sources */,
				A0572AC52F2E541800B00C0F /* TexturaStoreApp.swift in Sources */,
				A0D250F02F2E7BF400C6B040 /* AppRoute.swift in Sources */,
				A0D2510F2F2E88A800C6B040 /* Font+DesignSystem.swift in Sources */,
				A0D250F42F2E7C2900C6B040 /* AppCoordinator.swift in Sources */,
				A0D251512F2FA4A600C6B040 /* CartCoordinator.swift in Sources */,
				A0D2514B2F2FA40E00C6B040 /* CatalogCoordinator.swift in Sources */,
				A021D36E2F2E691400AF94A1 /* 23.swift in Sources */,
				A0D2514E2F2FA45900C6B040 /* FavoritesCoordinator.swift in Sources */,
				A0D251432F2FA37300C6B040 /* CatalogCoordinating.swift in Sources */,
				A0D251002F2E7D5300C6B040 /* ProfileRootView.swift in Sources */,
				A0D250EE2F2E7BCC00C6B040 /* AppNavigationContainer.swift in Sources */,
				A021D3642F2E68D100AF94A1 /* 18.swift in Sources */,
				A0D250F82F2E7CA200C6B040 /* MainTabCoordinator.swift in Sources */,
				A021D3582F2E685A00AF94A1 /* 13.swift in Sources */,
				A021D3422F2E67B500AF94A1 /* 4.swift in Sources */,
				A0D2513E2F2F79AE00C6B040 /* Container+Coordinators.swift in Sources */,
				A021D35C2F2E687900AF94A1 /* 15.swift in Sources */,
				A0D251402F2F7E5B00C6B040 /* Container+Factories.swift in Sources */,
				A021D3402F2E67A800AF94A1 /* 3.swift in Sources */,
				A0D250F22F2E7C0F00C6B040 /* MainTab.swift in Sources */,
				A0D251562F2FACD800C6B040 /* MainTabRootView.swift in Sources */,
			);
			runOnlyForDeploymentPostprocessing = 0;
		};
		A0572A9A2F2E52B400B00C0F /* Sources */ = {
			isa = PBXSourcesBuildPhase;
			buildActionMask = 2147483647;
			files = (
				A0572AC92F2E541D00B00C0F /* TexturaStoreTests.swift in Sources */,
			);
			runOnlyForDeploymentPostprocessing = 0;
		};
		A0572AA42F2E52B400B00C0F /* Sources */ = {
			isa = PBXSourcesBuildPhase;
			buildActionMask = 2147483647;
			files = (
				A0572ACD2F2E542100B00C0F /* TexturaStoreUITests.swift in Sources */,
				A0572ACE2F2E542100B00C0F /* TexturaStoreUITestsLaunchTests.swift in Sources */,
			);
			runOnlyForDeploymentPostprocessing = 0;
		};
/* End PBXSourcesBuildPhase section */

/* Begin PBXTargetDependency section */
		A0572AA02F2E52B400B00C0F /* PBXTargetDependency */ = {
			isa = PBXTargetDependency;
			target = A0572A8B2F2E52B100B00C0F /* TexturaStore */;
			targetProxy = A0572A9F2F2E52B400B00C0F /* PBXContainerItemProxy */;
		};
		A0572AAA2F2E52B400B00C0F /* PBXTargetDependency */ = {
			isa = PBXTargetDependency;
			target = A0572A8B2F2E52B100B00C0F /* TexturaStore */;
			targetProxy = A0572AA92F2E52B400B00C0F /* PBXContainerItemProxy */;
		};
/* End PBXTargetDependency section */

/* Begin PBXVariantGroup section */
		A0E3B7622F30C15D0038E3BB /* Localizable.strings */ = {
			isa = PBXVariantGroup;
			children = (
				A0E3B7632F30C15D0038E3BB /* en */,
				A0E3B7652F30C1770038E3BB /* ru */,
			);
			name = Localizable.strings;
			sourceTree = "<group>";
		};
/* End PBXVariantGroup section */

/* Begin XCBuildConfiguration section */
		A0572AB02F2E52B400B00C0F /* Debug */ = {
			isa = XCBuildConfiguration;
			buildSettings = {
				ALWAYS_SEARCH_USER_PATHS = NO;
				ASSETCATALOG_COMPILER_GENERATE_SWIFT_ASSET_SYMBOL_EXTENSIONS = YES;
				CLANG_ANALYZER_LOCALIZABILITY_NONLOCALIZED = YES;
				CLANG_ANALYZER_NONNULL = YES;
				CLANG_ANALYZER_NUMBER_OBJECT_CONVERSION = YES_AGGRESSIVE;
				CLANG_CXX_LANGUAGE_STANDARD = "gnu++20";
				CLANG_ENABLE_MODULES = YES;
				CLANG_ENABLE_OBJC_ARC = YES;
				CLANG_ENABLE_OBJC_WEAK = YES;
				CLANG_WARN_BLOCK_CAPTURE_AUTORELEASING = YES;
				CLANG_WARN_BOOL_CONVERSION = YES;
				CLANG_WARN_COMMA = YES;
				CLANG_WARN_CONSTANT_CONVERSION = YES;
				CLANG_WARN_DEPRECATED_OBJC_IMPLEMENTATIONS = YES;
				CLANG_WARN_DIRECT_OBJC_ISA_USAGE = YES_ERROR;
				CLANG_WARN_DOCUMENTATION_COMMENTS = YES;
				CLANG_WARN_EMPTY_BODY = YES;
				CLANG_WARN_ENUM_CONVERSION = YES;
				CLANG_WARN_INFINITE_RECURSION = YES;
				CLANG_WARN_INT_CONVERSION = YES;
				CLANG_WARN_NON_LITERAL_NULL_CONVERSION = YES;
				CLANG_WARN_OBJC_IMPLICIT_RETAIN_SELF = YES;
				CLANG_WARN_OBJC_LITERAL_CONVERSION = YES;
				CLANG_WARN_OBJC_ROOT_CLASS = YES_ERROR;
				CLANG_WARN_QUOTED_INCLUDE_IN_FRAMEWORK_HEADER = YES;
				CLANG_WARN_RANGE_LOOP_ANALYSIS = YES;
				CLANG_WARN_STRICT_PROTOTYPES = YES;
				CLANG_WARN_SUSPICIOUS_MOVE = YES;
				CLANG_WARN_UNGUARDED_AVAILABILITY = YES_AGGRESSIVE;
				CLANG_WARN_UNREACHABLE_CODE = YES;
				CLANG_WARN__DUPLICATE_METHOD_MATCH = YES;
				COPY_PHASE_STRIP = NO;
				DEBUG_INFORMATION_FORMAT = dwarf;
				DEVELOPMENT_TEAM = QZ329TNU43;
				ENABLE_STRICT_OBJC_MSGSEND = YES;
				ENABLE_TESTABILITY = YES;
				ENABLE_USER_SCRIPT_SANDBOXING = YES;
				GCC_C_LANGUAGE_STANDARD = gnu17;
				GCC_DYNAMIC_NO_PIC = NO;
				GCC_NO_COMMON_BLOCKS = YES;
				GCC_OPTIMIZATION_LEVEL = 0;
				GCC_PREPROCESSOR_DEFINITIONS = (
					"DEBUG=1",
					"$(inherited)",
				);
				GCC_WARN_64_TO_32_BIT_CONVERSION = YES;
				GCC_WARN_ABOUT_RETURN_TYPE = YES_ERROR;
				GCC_WARN_UNDECLARED_SELECTOR = YES;
				GCC_WARN_UNINITIALIZED_AUTOS = YES_AGGRESSIVE;
				GCC_WARN_UNUSED_FUNCTION = YES;
				GCC_WARN_UNUSED_VARIABLE = YES;
				IPHONEOS_DEPLOYMENT_TARGET = 26.2;
				LOCALIZATION_PREFERS_STRING_CATALOGS = YES;
				MTL_ENABLE_DEBUG_INFO = INCLUDE_SOURCE;
				MTL_FAST_MATH = YES;
				ONLY_ACTIVE_ARCH = YES;
				SDKROOT = iphoneos;
				SWIFT_ACTIVE_COMPILATION_CONDITIONS = "DEBUG $(inherited)";
				SWIFT_OPTIMIZATION_LEVEL = "-Onone";
			};
			name = Debug;
		};
		A0572AB12F2E52B400B00C0F /* Release */ = {
			isa = XCBuildConfiguration;
			buildSettings = {
				ALWAYS_SEARCH_USER_PATHS = NO;
				ASSETCATALOG_COMPILER_GENERATE_SWIFT_ASSET_SYMBOL_EXTENSIONS = YES;
				CLANG_ANALYZER_LOCALIZABILITY_NONLOCALIZED = YES;
				CLANG_ANALYZER_NONNULL = YES;
				CLANG_ANALYZER_NUMBER_OBJECT_CONVERSION = YES_AGGRESSIVE;
				CLANG_CXX_LANGUAGE_STANDARD = "gnu++20";
				CLANG_ENABLE_MODULES = YES;
				CLANG_ENABLE_OBJC_ARC = YES;
				CLANG_ENABLE_OBJC_WEAK = YES;
				CLANG_WARN_BLOCK_CAPTURE_AUTORELEASING = YES;
				CLANG_WARN_BOOL_CONVERSION = YES;
				CLANG_WARN_COMMA = YES;
				CLANG_WARN_CONSTANT_CONVERSION = YES;
				CLANG_WARN_DEPRECATED_OBJC_IMPLEMENTATIONS = YES;
				CLANG_WARN_DIRECT_OBJC_ISA_USAGE = YES_ERROR;
				CLANG_WARN_DOCUMENTATION_COMMENTS = YES;
				CLANG_WARN_EMPTY_BODY = YES;
				CLANG_WARN_ENUM_CONVERSION = YES;
				CLANG_WARN_INFINITE_RECURSION = YES;
				CLANG_WARN_INT_CONVERSION = YES;
				CLANG_WARN_NON_LITERAL_NULL_CONVERSION = YES;
				CLANG_WARN_OBJC_IMPLICIT_RETAIN_SELF = YES;
				CLANG_WARN_OBJC_LITERAL_CONVERSION = YES;
				CLANG_WARN_OBJC_ROOT_CLASS = YES_ERROR;
				CLANG_WARN_QUOTED_INCLUDE_IN_FRAMEWORK_HEADER = YES;
				CLANG_WARN_RANGE_LOOP_ANALYSIS = YES;
				CLANG_WARN_STRICT_PROTOTYPES = YES;
				CLANG_WARN_SUSPICIOUS_MOVE = YES;
				CLANG_WARN_UNGUARDED_AVAILABILITY = YES_AGGRESSIVE;
				CLANG_WARN_UNREACHABLE_CODE = YES;
				CLANG_WARN__DUPLICATE_METHOD_MATCH = YES;
				COPY_PHASE_STRIP = NO;
				DEBUG_INFORMATION_FORMAT = "dwarf-with-dsym";
				DEVELOPMENT_TEAM = QZ329TNU43;
				ENABLE_NS_ASSERTIONS = NO;
				ENABLE_STRICT_OBJC_MSGSEND = YES;
				ENABLE_USER_SCRIPT_SANDBOXING = YES;
				GCC_C_LANGUAGE_STANDARD = gnu17;
				GCC_NO_COMMON_BLOCKS = YES;
				GCC_WARN_64_TO_32_BIT_CONVERSION = YES;
				GCC_WARN_ABOUT_RETURN_TYPE = YES_ERROR;
				GCC_WARN_UNDECLARED_SELECTOR = YES;
				GCC_WARN_UNINITIALIZED_AUTOS = YES_AGGRESSIVE;
				GCC_WARN_UNUSED_FUNCTION = YES;
				GCC_WARN_UNUSED_VARIABLE = YES;
				IPHONEOS_DEPLOYMENT_TARGET = 26.2;
				LOCALIZATION_PREFERS_STRING_CATALOGS = YES;
				MTL_ENABLE_DEBUG_INFO = NO;
				MTL_FAST_MATH = YES;
				SDKROOT = iphoneos;
				SWIFT_COMPILATION_MODE = wholemodule;
				VALIDATE_PRODUCT = YES;
			};
			name = Release;
		};
		A0572AB32F2E52B400B00C0F /* Debug */ = {
			isa = XCBuildConfiguration;
			buildSettings = {
				ASSETCATALOG_COMPILER_APPICON_NAME = AppIcon;
				ASSETCATALOG_COMPILER_GLOBAL_ACCENT_COLOR_NAME = AccentColor;
				CODE_SIGN_STYLE = Automatic;
				CURRENT_PROJECT_VERSION = 1;
				DEVELOPMENT_TEAM = QZ329TNU43;
				ENABLE_PREVIEWS = YES;
				GENERATE_INFOPLIST_FILE = YES;
				INFOPLIST_KEY_UIApplicationSceneManifest_Generation = YES;
				INFOPLIST_KEY_UIApplicationSupportsIndirectInputEvents = YES;
				INFOPLIST_KEY_UILaunchScreen_Generation = YES;
				INFOPLIST_KEY_UISupportedInterfaceOrientations = UIInterfaceOrientationPortrait;
				INFOPLIST_KEY_UISupportedInterfaceOrientations_iPad = "UIInterfaceOrientationPortrait UIInterfaceOrientationPortraitUpsideDown";
				IPHONEOS_DEPLOYMENT_TARGET = 15.6;
				LD_RUNPATH_SEARCH_PATHS = (
					"$(inherited)",
					"@executable_path/Frameworks",
				);
				MARKETING_VERSION = 1.0;
				PRODUCT_BUNDLE_IDENTIFIER = textura.tech.TexturaStore;
				PRODUCT_NAME = "$(TARGET_NAME)";
				STRING_CATALOG_GENERATE_SYMBOLS = YES;
				SUPPORTED_PLATFORMS = "iphoneos iphonesimulator";
				SUPPORTS_MACCATALYST = NO;
				SUPPORTS_MAC_DESIGNED_FOR_IPHONE_IPAD = NO;
				SUPPORTS_XR_DESIGNED_FOR_IPHONE_IPAD = NO;
				SWIFT_APPROACHABLE_CONCURRENCY = YES;
				SWIFT_DEFAULT_ACTOR_ISOLATION = MainActor;
				SWIFT_EMIT_LOC_STRINGS = YES;
				SWIFT_UPCOMING_FEATURE_MEMBER_IMPORT_VISIBILITY = YES;
				SWIFT_VERSION = 5.0;
				TARGETED_DEVICE_FAMILY = 1;
			};
			name = Debug;
		};
		A0572AB42F2E52B400B00C0F /* Release */ = {
			isa = XCBuildConfiguration;
			buildSettings = {
				ASSETCATALOG_COMPILER_APPICON_NAME = AppIcon;
				ASSETCATALOG_COMPILER_GLOBAL_ACCENT_COLOR_NAME = AccentColor;
				CODE_SIGN_STYLE = Automatic;
				CURRENT_PROJECT_VERSION = 1;
				DEVELOPMENT_TEAM = QZ329TNU43;
				ENABLE_PREVIEWS = YES;
				GENERATE_INFOPLIST_FILE = YES;
				INFOPLIST_KEY_UIApplicationSceneManifest_Generation = YES;
				INFOPLIST_KEY_UIApplicationSupportsIndirectInputEvents = YES;
				INFOPLIST_KEY_UILaunchScreen_Generation = YES;
				INFOPLIST_KEY_UISupportedInterfaceOrientations = UIInterfaceOrientationPortrait;
				INFOPLIST_KEY_UISupportedInterfaceOrientations_iPad = "UIInterfaceOrientationPortrait UIInterfaceOrientationPortraitUpsideDown";
				IPHONEOS_DEPLOYMENT_TARGET = 15.6;
				LD_RUNPATH_SEARCH_PATHS = (
					"$(inherited)",
					"@executable_path/Frameworks",
				);
				MARKETING_VERSION = 1.0;
				PRODUCT_BUNDLE_IDENTIFIER = textura.tech.TexturaStore;
				PRODUCT_NAME = "$(TARGET_NAME)";
				STRING_CATALOG_GENERATE_SYMBOLS = YES;
				SUPPORTED_PLATFORMS = "iphoneos iphonesimulator";
				SUPPORTS_MACCATALYST = NO;
				SUPPORTS_MAC_DESIGNED_FOR_IPHONE_IPAD = NO;
				SUPPORTS_XR_DESIGNED_FOR_IPHONE_IPAD = NO;
				SWIFT_APPROACHABLE_CONCURRENCY = YES;
				SWIFT_DEFAULT_ACTOR_ISOLATION = MainActor;
				SWIFT_EMIT_LOC_STRINGS = YES;
				SWIFT_UPCOMING_FEATURE_MEMBER_IMPORT_VISIBILITY = YES;
				SWIFT_VERSION = 5.0;
				TARGETED_DEVICE_FAMILY = 1;
			};
			name = Release;
		};
		A0572AB62F2E52B400B00C0F /* Debug */ = {
			isa = XCBuildConfiguration;
			buildSettings = {
				BUNDLE_LOADER = "$(TEST_HOST)";
				CODE_SIGN_STYLE = Automatic;
				CURRENT_PROJECT_VERSION = 1;
				DEVELOPMENT_TEAM = QZ329TNU43;
				GENERATE_INFOPLIST_FILE = YES;
				IPHONEOS_DEPLOYMENT_TARGET = 26.2;
				MARKETING_VERSION = 1.0;
				PRODUCT_BUNDLE_IDENTIFIER = textura.tech.TexturaStoreTests;
				PRODUCT_NAME = "$(TARGET_NAME)";
				STRING_CATALOG_GENERATE_SYMBOLS = NO;
				SWIFT_APPROACHABLE_CONCURRENCY = YES;
				SWIFT_EMIT_LOC_STRINGS = NO;
				SWIFT_UPCOMING_FEATURE_MEMBER_IMPORT_VISIBILITY = YES;
				SWIFT_VERSION = 5.0;
				TARGETED_DEVICE_FAMILY = "1,2";
				TEST_HOST = "$(BUILT_PRODUCTS_DIR)/TexturaStore.app/$(BUNDLE_EXECUTABLE_FOLDER_PATH)/TexturaStore";
			};
			name = Debug;
		};
		A0572AB72F2E52B400B00C0F /* Release */ = {
			isa = XCBuildConfiguration;
			buildSettings = {
				BUNDLE_LOADER = "$(TEST_HOST)";
				CODE_SIGN_STYLE = Automatic;
				CURRENT_PROJECT_VERSION = 1;
				DEVELOPMENT_TEAM = QZ329TNU43;
				GENERATE_INFOPLIST_FILE = YES;
				IPHONEOS_DEPLOYMENT_TARGET = 26.2;
				MARKETING_VERSION = 1.0;
				PRODUCT_BUNDLE_IDENTIFIER = textura.tech.TexturaStoreTests;
				PRODUCT_NAME = "$(TARGET_NAME)";
				STRING_CATALOG_GENERATE_SYMBOLS = NO;
				SWIFT_APPROACHABLE_CONCURRENCY = YES;
				SWIFT_EMIT_LOC_STRINGS = NO;
				SWIFT_UPCOMING_FEATURE_MEMBER_IMPORT_VISIBILITY = YES;
				SWIFT_VERSION = 5.0;
				TARGETED_DEVICE_FAMILY = "1,2";
				TEST_HOST = "$(BUILT_PRODUCTS_DIR)/TexturaStore.app/$(BUNDLE_EXECUTABLE_FOLDER_PATH)/TexturaStore";
			};
			name = Release;
		};
		A0572AB92F2E52B400B00C0F /* Debug */ = {
			isa = XCBuildConfiguration;
			buildSettings = {
				CODE_SIGN_STYLE = Automatic;
				CURRENT_PROJECT_VERSION = 1;
				DEVELOPMENT_TEAM = QZ329TNU43;
				GENERATE_INFOPLIST_FILE = YES;
				MARKETING_VERSION = 1.0;
				PRODUCT_BUNDLE_IDENTIFIER = textura.tech.TexturaStoreUITests;
				PRODUCT_NAME = "$(TARGET_NAME)";
				STRING_CATALOG_GENERATE_SYMBOLS = NO;
				SWIFT_APPROACHABLE_CONCURRENCY = YES;
				SWIFT_EMIT_LOC_STRINGS = NO;
				SWIFT_UPCOMING_FEATURE_MEMBER_IMPORT_VISIBILITY = YES;
				SWIFT_VERSION = 5.0;
				TARGETED_DEVICE_FAMILY = "1,2";
				TEST_TARGET_NAME = TexturaStore;
			};
			name = Debug;
		};
		A0572ABA2F2E52B400B00C0F /* Release */ = {
			isa = XCBuildConfiguration;
			buildSettings = {
				CODE_SIGN_STYLE = Automatic;
				CURRENT_PROJECT_VERSION = 1;
				DEVELOPMENT_TEAM = QZ329TNU43;
				GENERATE_INFOPLIST_FILE = YES;
				MARKETING_VERSION = 1.0;
				PRODUCT_BUNDLE_IDENTIFIER = textura.tech.TexturaStoreUITests;
				PRODUCT_NAME = "$(TARGET_NAME)";
				STRING_CATALOG_GENERATE_SYMBOLS = NO;
				SWIFT_APPROACHABLE_CONCURRENCY = YES;
				SWIFT_EMIT_LOC_STRINGS = NO;
				SWIFT_UPCOMING_FEATURE_MEMBER_IMPORT_VISIBILITY = YES;
				SWIFT_VERSION = 5.0;
				TARGETED_DEVICE_FAMILY = "1,2";
				TEST_TARGET_NAME = TexturaStore;
			};
			name = Release;
		};
/* End XCBuildConfiguration section */

/* Begin XCConfigurationList section */
		A0572A872F2E52B100B00C0F /* Build configuration list for PBXProject "TexturaStore" */ = {
			isa = XCConfigurationList;
			buildConfigurations = (
				A0572AB02F2E52B400B00C0F /* Debug */,
				A0572AB12F2E52B400B00C0F /* Release */,
			);
			defaultConfigurationIsVisible = 0;
			defaultConfigurationName = Release;
		};
		A0572AB22F2E52B400B00C0F /* Build configuration list for PBXNativeTarget "TexturaStore" */ = {
			isa = XCConfigurationList;
			buildConfigurations = (
				A0572AB32F2E52B400B00C0F /* Debug */,
				A0572AB42F2E52B400B00C0F /* Release */,
			);
			defaultConfigurationIsVisible = 0;
			defaultConfigurationName = Release;
		};
		A0572AB52F2E52B400B00C0F /* Build configuration list for PBXNativeTarget "TexturaStoreTests" */ = {
			isa = XCConfigurationList;
			buildConfigurations = (
				A0572AB62F2E52B400B00C0F /* Debug */,
				A0572AB72F2E52B400B00C0F /* Release */,
			);
			defaultConfigurationIsVisible = 0;
			defaultConfigurationName = Release;
		};
		A0572AB82F2E52B400B00C0F /* Build configuration list for PBXNativeTarget "TexturaStoreUITests" */ = {
			isa = XCConfigurationList;
			buildConfigurations = (
				A0572AB92F2E52B400B00C0F /* Debug */,
				A0572ABA2F2E52B400B00C0F /* Release */,
			);
			defaultConfigurationIsVisible = 0;
			defaultConfigurationName = Release;
		};
/* End XCConfigurationList section */

/* Begin XCRemoteSwiftPackageReference section */
		A0D251372F2F794400C6B040 /* XCRemoteSwiftPackageReference "Factory" */ = {
			isa = XCRemoteSwiftPackageReference;
			repositoryURL = "https://github.com/hmlongco/Factory?ysclid=mk26d1ie5n494880386";
			requirement = {
				kind = upToNextMajorVersion;
				minimumVersion = 2.5.3;
			};
		};
/* End XCRemoteSwiftPackageReference section */

/* Begin XCSwiftPackageProductDependency section */
		A0D251382F2F794400C6B040 /* Factory */ = {
			isa = XCSwiftPackageProductDependency;
			package = A0D251372F2F794400C6B040 /* XCRemoteSwiftPackageReference "Factory" */;
			productName = Factory;
		};
		A0D2513A2F2F794400C6B040 /* FactoryKit */ = {
			isa = XCSwiftPackageProductDependency;
			package = A0D251372F2F794400C6B040 /* XCRemoteSwiftPackageReference "Factory" */;
			productName = FactoryKit;
		};
/* End XCSwiftPackageProductDependency section */

/* Begin XCVersionGroup section */
		A0572ABE2F2E541800B00C0F /* TexturaStore.xcdatamodeld */ = {
			isa = XCVersionGroup;
			children = (
				A0572AC12F2E541800B00C0F /* TexturaStore.xcdatamodel */,
			);
			currentVersion = A0572AC12F2E541800B00C0F /* TexturaStore.xcdatamodel */;
			path = TexturaStore.xcdatamodeld;
			sourceTree = "<group>";
			versionGroupType = wrapper.xcdatamodel;
		};
/* End XCVersionGroup section */
	};
	rootObject = A0572A842F2E52B100B00C0F /* Project object */;
}
